
Microsoft Visual Studio Solution File, Format Version 12.00
# Visual Studio Version 16
VisualStudioVersion = 16.0.30611.23
MinimumVisualStudioVersion = 10.0.40219.1
Project("{FAE04EC0-301F-11D3-BF4B-00C04F79EFBC}") = "MovieNight", "MovieNight\MovieNight.csproj", "{3CB93D1E-A6AF-404D-ADD7-1F41353C94B1}"
EndProject
Global
	GlobalSection(SolutionConfigurationPlatforms) = preSolution
		Debug|Any CPU = Debug|Any CPU
		Release|Any CPU = Release|Any CPU
	EndGlobalSection
	GlobalSection(ProjectConfigurationPlatforms) = postSolution
		{3CB93D1E-A6AF-404D-ADD7-1F41353C94B1}.Debug|Any CPU.ActiveCfg = Debug|Any CPU
		{3CB93D1E-A6AF-404D-ADD7-1F41353C94B1}.Debug|Any CPU.Build.0 = Debug|Any CPU
		{3CB93D1E-A6AF-404D-ADD7-1F41353C94B1}.Release|Any CPU.ActiveCfg = Release|Any CPU
		{3CB93D1E-A6AF-404D-ADD7-1F41353C94B1}.Release|Any CPU.Build.0 = Release|Any CPU
	EndGlobalSection
	GlobalSection(SolutionProperties) = preSolution
		HideSolutionNode = FALSE
	EndGlobalSection
	GlobalSection(ExtensibilityGlobals) = postSolution
		SolutionGuid = {BDF55627-EB50-43B4-9ED0-AA5B58B154DE}
	EndGlobalSection
EndGlobal
